github.com/aws/aws-sdk-go-v2 v1.36.3 h1:mJoei2CxPutQVxaATCzDUjcZEjVRdpsiiXi2o38yqWM=
github.com/aws/aws-sdk-go-v2 v1.36.3/go.mod h1:LLXuLpgzEbD766Z5ECcRmi8AzSwfZItDtmABVkRLGzg=
github.com/aws/aws-sdk-go-v2/aws/protocol/eventstream v1.6.10 h1:zAybnyUQXIZ5mok5Jqwlf58/TFE7uvd3IAsa1aF9cXs=
github.com/aws/aws-sdk-go-v2/aws/protocol/eventstream v1.6.10/go.mod h1:qqvMj6gHLR/EXWZw4ZbqlPbQUyenf4h82UQUlKc+l14=
github.com/aws/aws-sdk-go-v2/config v1.27.13 h1:WbKW8hOzrWoOA/+35S5okqO/2Ap8hkkFUzoW8Hzq24A=
github.com/aws/aws-sdk-go-v2/config v1.27.13/go.mod h1:XLiyiTMnguytjRER7u5RIkhIqS8Nyz41SwAWb4xEjxs=
github.com/aws/aws-sdk-go-v2/credentials v1.17.13 h1:XDCJDzk/u5cN7Aple7D/MiAhx1Rjo/0nueJ0La8mRuE=
github.com/aws/aws-sdk-go-v2/credentials v1.17.13/go.mod h1:FMNcjQrmuBYvOTZDtOLCIu0esmxjF7RuA/89iSXWzQI=
github.com/aws/aws-sdk-go-v2/feature/ec2/imds v1.16.1 h1:FVJ0r5XTHSmIHJV6KuDmdYhEpvlHpiSd38RQWhut5J4=
github.com/aws/aws-sdk-go-v2/feature/ec2/imds v1.16.1/go.mod h1:zusuAeqezXzAB24LGuzuekqMAEgWkVYukBec3kr3jUg=
github.com/aws/aws-sdk-go-v2/feature/s3/manager v1.16.17 h1:9b1Os1s11mF5qTIKLgSsyPG810di2+ySSLIIt9bwe9I=
github.com/aws/aws-sdk-go-v2/feature/s3/manager v1.16.17/go.mod h1:9Wp7tDOMhv0+sb/FTRAkbHNQ7abYDnoJRzm5AAtCnTc=
github.com/aws/aws-sdk-go-v2/internal/configsources v1.3.34 h1:ZK5jHhnrioRkUNOc+hOgQKlUL5JeC3S6JgLxtQ+Rm0Q=
github.com/aws/aws-sdk-go-v2/internal/configsources v1.3.34/go.mod h1:p4VfIceZokChbA9FzMbRGz5OV+lekcVtHlPKEO0gSZY=
github.com/aws/aws-sdk-go-v2/internal/endpoints/v2 v2.6.34 h1:SZwFm17ZUNNg5Np0ioo/gq8Mn6u9w19Mri8DnJ15Jf0=
github.com/aws/aws-sdk-go-v2/internal/endpoints/v2 v2.6.34/go.mod h1:dFZsC0BLo346mvKQLWmoJxT+Sjp+qcVR1tRVHQGOH9Q=
github.com/aws/aws-sdk-go-v2/internal/ini v1.8.0 h1:hT8rVHwugYE2lEfdFE0QWVo81lF7jMrYJVDWI+f+VxU=
github.com/aws/aws-sdk-go-v2/internal/ini v1.8.0/go.mod h1:8tu/lYfQfFe6IGnaOdrpVgEL2IrrDOf6/m9RQum4NkY=
github.com/aws/aws-sdk-go-v2/internal/v4a v1.3.34 h1:ZNTqv4nIdE/DiBfUUfXcLZ/Spcuz+RjeziUtNJackkM=
github.com/aws/aws-sdk-go-v2/internal/v4a v1.3.34/go.mod h1:zf7Vcd1ViW7cPqYWEHLHJkS50X0JS2IKz9Cgaj6ugrs=
github.com/aws/aws-sdk-go-v2/service/internal/accept-encoding v1.12.3 h1:eAh2A4b5IzM/lum78bZ590jy36+d/aFLgKF/4Vd1xPE=
github.com/aws/aws-sdk-go-v2/service/internal/accept-encoding v1.12.3/go.mod h1:0yKJC/kb8sAnmlYa6Zs3QVYqaC8ug2AbnNChv5Ox3uA=
github.com/aws/aws-sdk-go-v2/service/internal/checksum v1.7.0 h1:lguz0bmOoGzozP9XfRJR1QIayEYo+2vP/No3OfLF0pU=
github.com/aws/aws-sdk-go-v2/service/internal/checksum v1.7.0/go.mod h1:iu6FSzgt+M2/x3Dk8zhycdIcHjEFb36IS8HVUVFoMg0=
github.com/aws/aws-sdk-go-v2/service/internal/presigned-url v1.12.15 h1:dM9/92u2F1JbDaGooxTq18wmmFzbJRfXfVfy96/1CXM=
github.com/aws/aws-sdk-go-v2/service/internal/presigned-url v1.12.15/go.mod h1:SwFBy2vjtA0vZbjjaFtfN045boopadnoVPhu4Fv66vY=
github.com/aws/aws-sdk-go-v2/service/internal/s3shared v1.18.15 h1:moLQUoVq91LiqT1nbvzDukyqAlCv89ZmwaHw/ZFlFZg=
github.com/aws/aws-sdk-go-v2/service/internal/s3shared v1.18.15/go.mod h1:ZH34PJUc8ApjBIfgQCFvkWcUDBtl/WTD+uiYHjd8igA=
github.com/aws/aws-sdk-go-v2/service/s3 v1.78.2 h1:jIiopHEV22b4yQP2q36Y0OmwLbsxNWdWwfZRR5QRRO4=
github.com/aws/aws-sdk-go-v2/service/s3 v1.78.2/go.mod h1:U5SNqwhXB3Xe6F47kXvWihPl/ilGaEDe8HD/50Z9wxc=
github.com/aws/aws-sdk-go-v2/service/sso v1.20.6 h1:o5cTaeunSpfXiLTIBx5xo2enQmiChtu1IBbzXnfU9Hs=
github.com/aws/aws-sdk-go-v2/service/sso v1.20.6/go.mod h1:qGzynb/msuZIE8I75DVRCUXw3o3ZyBmUvMwQ2t/BrGM=
github.com/aws/aws-sdk-go-v2/service/ssooidc v1.24.0 h1:Qe0r0lVURDDeBQJ4yP+BOrJkvkiCo/3FH/t+wY11dmw=
github.com/aws/aws-sdk-go-v2/service/ssooidc v1.24.0/go.mod h1:mUYPBhaF2lGiukDEjJX2BLRRKTmoUSitGDUgM4tRxak=
github.com/aws/aws-sdk-go-v2/service/sts v1.28.7 h1:et3Ta53gotFR4ERLXXHIHl/Uuk1qYpP5uU7cvNql8ns=
github.com/aws/aws-sdk-go-v2/service/sts v1.28.7/go.mod h1:FZf1/nKNEkHdGGJP/cI2MoIMquumuRK6ol3QQJNDxmw=
github.com/aws/smithy-go v1.22.2 h1:6D9hW43xKFrRx/tXXfAlIZc4JI+yQe6snnWcQyxSyLQ=
github.com/aws/smithy-go v1.22.2/go.mod h1:irrKGvNn1InZwb2d7fkIRNucdfwR8R+Ts3wxYa/cJHg=
