github.com/aws/aws-sdk-go-v2 v1.31.0 h1:3V05LbxTSItI5kUqNwhJrrrY1BAXxXt0sN0l72QmG5U=
github.com/aws/aws-sdk-go-v2 v1.31.0/go.mod h1:ztolYtaEUtdpf9Wftr31CJfLVjOnD/CVRkKOOYgF8hA=
github.com/aws/aws-sdk-go-v2/aws/protocol/eventstream v1.6.5 h1:xDAuZTn4IMm8o1LnBZvmrL8JA1io4o3YWNXgohbf20g=
github.com/aws/aws-sdk-go-v2/aws/protocol/eventstream v1.6.5/go.mod h1:wYSv6iDS621sEFLfKvpPE2ugjTuGlAG7iROg0hLOkfc=
github.com/aws/aws-sdk-go-v2/config v1.27.31 h1:kxBoRsjhT3pq0cKthgj6RU6bXTm/2SgdoUMyrVw0rAI=
github.com/aws/aws-sdk-go-v2/config v1.27.31/go.mod h1:z04nZdSWFPaDwK3DdJOG2r+scLQzMYuJeW0CujEm9FM=
github.com/aws/aws-sdk-go-v2/credentials v1.17.30 h1:aau/oYFtibVovr2rDt8FHlU17BTicFEMAi29V1U+L5Q=
github.com/aws/aws-sdk-go-v2/credentials v1.17.30/go.mod h1:BPJ/yXV92ZVq6G8uYvbU0gSl8q94UB63nMT5ctNO38g=
github.com/aws/aws-sdk-go-v2/feature/ec2/imds v1.16.12 h1:yjwoSyDZF8Jth+mUk5lSPJCkMC0lMy6FaCD51jm6ayE=
github.com/aws/aws-sdk-go-v2/feature/ec2/imds v1.16.12/go.mod h1:fuR57fAgMk7ot3WcNQfb6rSEn+SUffl7ri+aa8uKysI=
github.com/aws/aws-sdk-go-v2/feature/s3/manager v1.17.16 h1:1FWqcOnvnO0lRsv0kLACwwQquoZIoS5tD0MtfoNdnkk=
github.com/aws/aws-sdk-go-v2/feature/s3/manager v1.17.16/go.mod h1:+E8OuB446P/5Swajo40TqenLMzm6aYDEEz6FZDn/u1E=
github.com/aws/aws-sdk-go-v2/internal/configsources v1.3.18 h1:kYQ3H1u0ANr9KEKlGs/jTLrBFPo8P8NaH/w7A01NeeM=
github.com/aws/aws-sdk-go-v2/internal/configsources v1.3.18/go.mod h1:r506HmK5JDUh9+Mw4CfGJGSSoqIiLCndAuqXuhbv67Y=
github.com/aws/aws-sdk-go-v2/internal/endpoints/v2 v2.6.18 h1:Z7IdFUONvTcvS7YuhtVxN99v2cCoHRXOS4mTr0B/pUc=
github.com/aws/aws-sdk-go-v2/internal/endpoints/v2 v2.6.18/go.mod h1:DkKMmksZVVyat+Y+r1dEOgJEfUeA7UngIHWeKsi0yNc=
github.com/aws/aws-sdk-go-v2/internal/ini v1.8.1 h1:VaRN3TlFdd6KxX1x3ILT5ynH6HvKgqdiXoTxAF4HQcQ=
github.com/aws/aws-sdk-go-v2/internal/ini v1.8.1/go.mod h1:FbtygfRFze9usAadmnGJNc8KsP346kEe+y2/oyhGAGc=
github.com/aws/aws-sdk-go-v2/internal/v4a v1.3.18 h1:OWYvKL53l1rbsUmW7bQyJVsYU/Ii3bbAAQIIFNbM0Tk=
github.com/aws/aws-sdk-go-v2/internal/v4a v1.3.18/go.mod h1:CUx0G1v3wG6l01tUB+j7Y8kclA8NSqK4ef0YG79a4cg=
github.com/aws/aws-sdk-go-v2/service/internal/accept-encoding v1.11.5 h1:QFASJGfT8wMXtuP3D5CRmMjARHv9ZmzFUMJznHDOY3w=
github.com/aws/aws-sdk-go-v2/service/internal/accept-encoding v1.11.5/go.mod h1:QdZ3OmoIjSX+8D1OPAzPxDfjXASbBMDsz9qvtyIhtik=
github.com/aws/aws-sdk-go-v2/service/internal/checksum v1.3.20 h1:rTWjG6AvWekO2B1LHeM3ktU7MqyX9rzWQ7hgzneZW7E=
github.com/aws/aws-sdk-go-v2/service/internal/checksum v1.3.20/go.mod h1:RGW2DDpVc8hu6Y6yG8G5CHVmVOAn1oV8rNKOHRJyswg=
github.com/aws/aws-sdk-go-v2/service/internal/presigned-url v1.11.20 h1:Xbwbmk44URTiHNx6PNo0ujDE6ERlsCKJD3u1zfnzAPg=
github.com/aws/aws-sdk-go-v2/service/internal/presigned-url v1.11.20/go.mod h1:oAfOFzUB14ltPZj1rWwRc3d/6OgD76R8KlvU3EqM9Fg=
github.com/aws/aws-sdk-go-v2/service/internal/s3shared v1.17.18 h1:eb+tFOIl9ZsUe2259/BKPeniKuz4/02zZFH/i4Nf8Rg=
github.com/aws/aws-sdk-go-v2/service/internal/s3shared v1.17.18/go.mod h1:GVCC2IJNJTmdlyEsSmofEy7EfJncP7DNnXDzRjJ5Keg=
github.com/aws/aws-sdk-go-v2/service/s3 v1.63.3 h1:3zt8qqznMuAZWDTDpcwv9Xr11M/lVj2FsRR7oYBt0OA=
github.com/aws/aws-sdk-go-v2/service/s3 v1.63.3/go.mod h1:NLTqRLe3pUNu3nTEHI6XlHLKYmc8fbHUdMxAB6+s41Q=
github.com/aws/aws-sdk-go-v2/service/sso v1.22.5 h1:zCsFCKvbj25i7p1u94imVoO447I/sFv8qq+lGJhRN0c=
github.com/aws/aws-sdk-go-v2/service/sso v1.22.5/go.mod h1:ZeDX1SnKsVlejeuz41GiajjZpRSWR7/42q/EyA/QEiM=
github.com/aws/aws-sdk-go-v2/service/ssooidc v1.26.5 h1:SKvPgvdvmiTWoi0GAJ7AsJfOz3ngVkD/ERbs5pUnHNI=
github.com/aws/aws-sdk-go-v2/service/ssooidc v1.26.5/go.mod h1:20sz31hv/WsPa3HhU3hfrIet2kxM4Pe0r20eBZ20Tac=
github.com/aws/aws-sdk-go-v2/service/sts v1.30.5 h1:OMsEmCyz2i89XwRwPouAJvhj81wINh+4UK+k/0Yo/q8=
github.com/aws/aws-sdk-go-v2/service/sts v1.30.5/go.mod h1:vmSqFK+BVIwVpDAGZB3CoCXHzurt4qBE8lf+I/kRTh0=
github.com/aws/smithy-go v1.21.0 h1:H7L8dtDRk0P1Qm6y0ji7MCYMQObJ5R9CRpyPhRUkLYA=
github.com/aws/smithy-go v1.21.0/go.mod h1:irrKGvNn1InZwb2d7fkIRNucdfwR8R+Ts3wxYa/cJHg=
github.com/klauspost/compress v1.17.10 h1:oXAz+Vh0PMUvJczoi+flxpnBEPxoER1IaAnU/NMPtT0=
github.com/klauspost/compress v1.17.10/go.mod h1:pMDklpSncoRMuLFrf1W9Ss9KT+0rH90U12bZKk7uwG0=
github.com/pkg/errors v0.9.1 h1:FEBLx1zS214owpjy7qsBeixbURkuhQAwrK5UwLGTwt4=
github.com/pkg/errors v0.9.1/go.mod h1:bwawxfHBFNV+L2hUp1rHADufV3IMtnDRdf1r5NINEl0=
